
Microsoft Visual Studio Solution File, Format Version 12.00
# Visual Studio 15
VisualStudioVersion = 15.0.27703.2047
MinimumVisualStudioVersion = 10.0.40219.1
Project("{FAE04EC0-301F-11D3-BF4B-00C04F79EFBC}") = "FundamentCore", "FundamentCore\FundamentCore.csproj", "{307DBB8E-15F3-441A-BF51-B93B25517169}"
EndProject
Project("{FAE04EC0-301F-11D3-BF4B-00C04F79EFBC}") = "ConsoleTest", "FundamentCore\ConsoleTest\ConsoleTest.csproj", "{9B50E36D-04CF-40EB-8ECB-8537D174ADEE}"
EndProject
Global
	GlobalSection(SolutionConfigurationPlatforms) = preSolution
		Debug|Any CPU = Debug|Any CPU
		Release|Any CPU = Release|Any CPU
	EndGlobalSection
	GlobalSection(ProjectConfigurationPlatforms) = postSolution
		{307DBB8E-15F3-441A-BF51-B93B25517169}.Debug|Any CPU.ActiveCfg = Debug|Any CPU
		{307DBB8E-15F3-441A-BF51-B93B25517169}.Debug|Any CPU.Build.0 = Debug|Any CPU
		{307DBB8E-15F3-441A-BF51-B93B25517169}.Release|Any CPU.ActiveCfg = Release|Any CPU
		{307DBB8E-15F3-441A-BF51-B93B25517169}.Release|Any CPU.Build.0 = Release|Any CPU
		{9B50E36D-04CF-40EB-8ECB-8537D174ADEE}.Debug|Any CPU.ActiveCfg = Debug|Any CPU
		{9B50E36D-04CF-40EB-8ECB-8537D174ADEE}.Debug|Any CPU.Build.0 = Debug|Any CPU
		{9B50E36D-04CF-40EB-8ECB-8537D174ADEE}.Release|Any CPU.ActiveCfg = Release|Any CPU
		{9B50E36D-04CF-40EB-8ECB-8537D174ADEE}.Release|Any CPU.Build.0 = Release|Any CPU
	EndGlobalSection
	GlobalSection(SolutionProperties) = preSolution
		HideSolutionNode = FALSE
	EndGlobalSection
	GlobalSection(ExtensibilityGlobals) = postSolution
		SolutionGuid = {5B2CA38E-61F9-4C95-BFA6-56F29B0A27D3}
	EndGlobalSection
EndGlobal
